{
  "version": 4,
  "terraform_version": "0.12.23",
  "serial": 754,
  "lineage": "474530b3-cff5-5d96-a625-ddbc5513387c",
  "outputs": {
    "bastion_host_ip_addresses": {
      "value": [
        "52.116.128.158"
      ],
      "type": [
        "tuple",
        [
          "string"
        ]
      ]
    },
    "frontend_server_host_ip_addresses": {
      "value": [
        [
          "172.16.0.6"
        ]
      ],
      "type": [
        "tuple",
        [
          [
            "list",
            "string"
          ]
        ]
      ]
    }
  },
  "resources": [
    {
      "mode": "data",
      "type": "ibm_is_image",
      "name": "os",
      "provider": "provider.ibm",
      "instances": [
        {
          "schema_version": 0,
          "attributes": {
            "architecture": "amd64",
            "crn": "crn:v1:bluemix:public:is:us-south:::image:r006-e0039ab2-fcc8-11e9-8a36-6ffb6501dd33",
            "id": "r006-e0039ab2-fcc8-11e9-8a36-6ffb6501dd33",
            "name": "ibm-centos-7-6-minimal-amd64-1",
            "os": "centos-7-amd64",
            "status": "deprecated",
            "visibility": "public"
          }
        }
      ]
    },
    {
      "module": "module.bastion",
      "mode": "data",
      "type": "ibm_is_image",
      "name": "os",
      "provider": "provider.ibm",
      "instances": [
        {
          "schema_version": 0,
          "attributes": {
            "architecture": "amd64",
            "crn": "crn:v1:bluemix:public:is:us-south:::image:r006-e0039ab2-fcc8-11e9-8a36-6ffb6501dd33",
            "id": "r006-e0039ab2-fcc8-11e9-8a36-6ffb6501dd33",
            "name": "ibm-centos-7-6-minimal-amd64-1",
            "os": "centos-7-amd64",
            "status": "deprecated",
            "visibility": "public"
          }
        }
      ]
    },
    {
      "mode": "data",
      "type": "ibm_is_ssh_key",
      "name": "sshkey",
      "provider": "provider.ibm",
      "instances": [
        {
          "schema_version": 0,
          "attributes": {
            "fingerprint": "SHA256:bPg2WCoQTszBlVT0Jr64dspw7XZfohG/h9Md3t1i0bg",
            "id": "r006-e62f05cb-5fe1-4b5a-968f-db6e63afbb60",
            "length": 2048,
            "name": "ansible",
            "resource_controller_url": "https://cloud.ibm.com/vpc-ext/compute/sshKeys",
            "resource_crn": "crn:v1:bluemix:public:is:us-south:a/a4a3f711f0e54a0dbe72dd51e7ea2f90::key:r006-e62f05cb-5fe1-4b5a-968f-db6e63afbb60",
            "resource_group_name": "Default",
            "resource_name": "ansible",
            "type": "rsa"
          }
        }
      ]
    },
    {
      "module": "module.bastion",
      "mode": "data",
      "type": "ibm_is_vpc",
      "name": "vpc",
      "provider": "provider.ibm",
      "instances": [
        {
          "schema_version": 0,
          "attributes": {
            "classic_access": false,
            "crn": "crn:v1:bluemix:public:is:us-south:a/a4a3f711f0e54a0dbe72dd51e7ea2f90::vpc:r006-60bf97b4-8a49-4b93-b5a7-1ecb1269e978",
            "cse_source_addresses": [
              {
                "address": "10.249.194.140",
                "zone_name": "us-south-1"
              },
              {
                "address": "10.249.204.177",
                "zone_name": "us-south-2"
              },
              {
                "address": "10.249.214.210",
                "zone_name": "us-south-3"
              }
            ],
            "default_network_acl": "r006-eb974d8a-aca0-47fd-b8f4-ea1a85e2a3ac",
            "id": "r006-60bf97b4-8a49-4b93-b5a7-1ecb1269e978",
            "name": "ssh-vpc-vpc",
            "resource_controller_url": "https://cloud.ibm.com/vpc-ext/network/vpcs",
            "resource_crn": "crn:v1:bluemix:public:is:us-south:a/a4a3f711f0e54a0dbe72dd51e7ea2f90::vpc:r006-60bf97b4-8a49-4b93-b5a7-1ecb1269e978",
            "resource_group": "6a2926964a464380bf28ba3c7850270f",
            "resource_group_name": "Default",
            "resource_name": "ssh-vpc-vpc",
            "resource_status": "available",
            "status": "available",
            "subnets": [
              {
                "available_ipv4_address_count": 248,
                "id": "0717-d60a8ddd-b3ec-4929-809d-8bc9b0ba67db",
                "name": "ssh-vpc-vpc-frontend-subnet-1",
                "status": "available",
                "total_ipv4_address_count": 256
              },
              {
                "available_ipv4_address_count": 250,
                "id": "0717-efc5ee48-74ce-4ebe-814a-e131782ab6ef",
                "name": "ssh-vpc-vpc-bast-subnet-1",
                "status": "available",
                "total_ipv4_address_count": 256
              }
            ],
            "tags": null
          }
        }
      ]
    },
    {
      "mode": "data",
      "type": "ibm_resource_group",
      "name": "all_rg",
      "provider": "provider.ibm",
      "instances": [
        {
          "schema_version": 0,
          "attributes": {
            "id": "6a2926964a464380bf28ba3c7850270f",
            "is_default": null,
            "name": "Default"
          }
        }
      ]
    },
    {
      "module": "module.vpc",
      "mode": "data",
      "type": "ibm_resource_group",
      "name": "all_rg",
      "provider": "provider.ibm",
      "instances": [
        {
          "schema_version": 0,
          "attributes": {
            "id": "6a2926964a464380bf28ba3c7850270f",
            "is_default": null,
            "name": "Default"
          }
        }
      ]
    },
    {
      "module": "module.bastion",
      "mode": "managed",
      "type": "ibm_is_floating_ip",
      "name": "bastion",
      "each": "list",
      "provider": "provider.ibm",
      "instances": [
        {
          "index_key": 0,
          "schema_version": 0,
          "attributes": {
            "address": "52.116.128.158",
            "id": "r006-3cd3ee6f-b32e-4199-a6aa-66e08bff5c99",
            "name": "ssh-vpc-vpc-float-bastion-ip-1",
            "resource_controller_url": "https://cloud.ibm.com/vpc-ext/network/floatingIPs",
            "resource_crn": "crn:v1:bluemix:public:is:us-south-1:a/a4a3f711f0e54a0dbe72dd51e7ea2f90::floating-ip:r006-3cd3ee6f-b32e-4199-a6aa-66e08bff5c99",
            "resource_group": "6a2926964a464380bf28ba3c7850270f",
            "resource_group_name": "Default",
            "resource_name": "ssh-vpc-vpc-float-bastion-ip-1",
            "resource_status": "available",
            "status": "available",
            "tags": [],
            "target": "0717-0cc36e20-ecb8-42bd-a35e-b47871b7dfcf",
            "timeouts": null,
            "zone": "us-south-1"
          },
          "private": "eyJlMmJmYjczMC1lY2FhLTExZTYtOGY4OC0zNDM2M2JjN2M0YzAiOnsiY3JlYXRlIjo2MDAwMDAwMDAwMDAsImRlbGV0ZSI6NjAwMDAwMDAwMDAwfX0=",
          "dependencies": [
            "module.bastion.ibm_is_instance.bastion",
            "module.bastion.ibm_is_security_group.bastion",
            "module.bastion.ibm_is_subnet.bastion_subnet"
          ]
        }
      ]
    },
    {
      "module": "module.bastion",
      "mode": "managed",
      "type": "ibm_is_instance",
      "name": "bastion",
      "each": "list",
      "provider": "provider.ibm",
      "instances": [
        {
          "index_key": 0,
          "schema_version": 0,
          "attributes": {
            "boot_volume": [
              {
                "encryption": "",
                "iops": 3000,
                "name": "volume-attachment",
                "profile": "general-purpose",
                "size": 100
              }
            ],
            "generation": null,
            "gpu": [],
            "id": "0717_274cbd2e-7112-42a9-b904-8daa283830ce",
            "image": "r006-e0039ab2-fcc8-11e9-8a36-6ffb6501dd33",
            "keys": [
              "r006-e62f05cb-5fe1-4b5a-968f-db6e63afbb60"
            ],
            "memory": 4,
            "name": "ssh-vpc-vpc-bastion-vsi-1",
            "network_interfaces": [],
            "primary_network_interface": [
              {
                "id": "0717-0cc36e20-ecb8-42bd-a35e-b47871b7dfcf",
                "name": "gusto-suspend-securely-dealmaker-obedient-slaw",
                "port_speed": 0,
                "primary_ipv4_address": "172.22.192.4",
                "security_groups": [
                  "r006-b5b06cea-9fea-451c-a81e-c002ea73280d"
                ],
                "subnet": "0717-efc5ee48-74ce-4ebe-814a-e131782ab6ef"
              }
            ],
            "profile": "cx2-2x4",
            "resource_controller_url": "https://cloud.ibm.com/vpc-ext/compute/vs",
            "resource_crn": "crn:v1:bluemix:public:is:us-south-1:a/a4a3f711f0e54a0dbe72dd51e7ea2f90::instance:0717_274cbd2e-7112-42a9-b904-8daa283830ce",
            "resource_group": "6a2926964a464380bf28ba3c7850270f",
            "resource_group_name": "Default",
            "resource_name": "ssh-vpc-vpc-bastion-vsi-1",
            "resource_status": "running",
            "status": "running",
            "tags": [],
            "timeouts": null,
            "user_data": "#cloud-config\n\n# Install security updates on Centos from IBM Cloud private mirror (no public access)\n# SSH max sessions optimised for Ansible usage\n# Minimal best practice SSH config  \n\nruncmd:\n  - yum --security update\n  - sed -i \"s/#MaxSessions 10/MaxSessions 50/\" /etc/ssh/sshd_config\n  - sed -i \"s/X11Forwarding yes/X11Forwarding no/\" /etc/ssh/sshd_config\n  - sed -i \"s/PermitRootLogin yes/PermitRootLogin prohibit-password/\" /etc/ssh/sshd_config\n  - sed -i \"s/#AllowAgentForwarding yes/AllowAgentForwarding no/\" /etc/ssh/sshd_config\n  - echo \"MaxStartups 50:30:80\"  \u003e\u003e /etc/ssh/sshd_config\n  - echo \"AllowStreamLocalForwarding no\"  \u003e\u003e /etc/ssh/sshd_config\n  - echo 'PasswordAuthentication no' \u003e\u003e /etc/ssh/sshd_config\n  - echo 'UsePAM yes' \u003e\u003e /etc/ssh/sshd_config\n  - echo 'AuthenticationMethods publickey' \u003e\u003e /etc/ssh/sshd_config\n  - service sshd restart",
            "vcpu": [
              {
                "architecture": "amd64",
                "count": 2
              }
            ],
            "volume_attachments": [
              {
                "id": "0717-b0e87bd1-513c-4bd3-b41f-1727aaa57ee2",
                "name": "volume-attachment",
                "volume_crn": "crn:v1:bluemix:public:is:us-south-1:a/a4a3f711f0e54a0dbe72dd51e7ea2f90::volume:r006-0155f275-80da-11ea-8004-feff0b330b7b",
                "volume_id": "r006-0155f275-80da-11ea-8004-feff0b330b7b",
                "volume_name": "lid-nearest-monthly-rely-hatchet-babbling"
              }
            ],
            "volumes": [],
            "vpc": "r006-60bf97b4-8a49-4b93-b5a7-1ecb1269e978",
            "zone": "us-south-1"
          },
          "private": "eyJlMmJmYjczMC1lY2FhLTExZTYtOGY4OC0zNDM2M2JjN2M0YzAiOnsiY3JlYXRlIjozNjAwMDAwMDAwMDAwLCJkZWxldGUiOjM2MDAwMDAwMDAwMDB9fQ==",
          "dependencies": [
            "module.bastion.ibm_is_security_group.bastion",
            "module.bastion.ibm_is_subnet.bastion_subnet"
          ]
        }
      ]
    },
    {
      "module": "module.frontend",
      "mode": "managed",
      "type": "ibm_is_instance",
      "name": "frontend-server",
      "each": "list",
      "provider": "provider.ibm",
      "instances": [
        {
          "index_key": 0,
          "schema_version": 0,
          "attributes": {
            "boot_volume": [
              {
                "encryption": "",
                "iops": 3000,
                "name": "volume-attachment",
                "profile": "general-purpose",
                "size": 100
              }
            ],
            "generation": null,
            "gpu": [],
            "id": "0717_cda86713-e62f-4c46-9712-e23fa4e6d721",
            "image": "r006-e0039ab2-fcc8-11e9-8a36-6ffb6501dd33",
            "keys": [
              "r006-e62f05cb-5fe1-4b5a-968f-db6e63afbb60"
            ],
            "memory": 4,
            "name": "ssh-vpc-vpc-frontend-vsi-1",
            "network_interfaces": [],
            "primary_network_interface": [
              {
                "id": "0717-3364f097-8102-4f10-9f09-1a3f700cc2a1",
                "name": "sixties-gush-enjoyably-amply-cymbal-roving",
                "port_speed": 0,
                "primary_ipv4_address": "172.16.0.6",
                "security_groups": [
                  "r006-dc1f86c4-05f5-45fc-a4d1-2ecafc660145"
                ],
                "subnet": "0717-d60a8ddd-b3ec-4929-809d-8bc9b0ba67db"
              }
            ],
            "profile": "cx2-2x4",
            "resource_controller_url": "https://cloud.ibm.com/vpc-ext/compute/vs",
            "resource_crn": "crn:v1:bluemix:public:is:us-south-1:a/a4a3f711f0e54a0dbe72dd51e7ea2f90::instance:0717_cda86713-e62f-4c46-9712-e23fa4e6d721",
            "resource_group": "6a2926964a464380bf28ba3c7850270f",
            "resource_group_name": "Default",
            "resource_name": "ssh-vpc-vpc-frontend-vsi-1",
            "resource_status": "running",
            "status": "running",
            "tags": [],
            "timeouts": null,
            "user_data": null,
            "vcpu": [
              {
                "architecture": "amd64",
                "count": 2
              }
            ],
            "volume_attachments": [
              {
                "id": "0717-47a9bcde-6c97-4dda-998f-83dfd3670c6a",
                "name": "volume-attachment",
                "volume_crn": "crn:v1:bluemix:public:is:us-south-1:a/a4a3f711f0e54a0dbe72dd51e7ea2f90::volume:r006-85eb8ba2-7db9-11ea-b07a-feff0b344b20",
                "volume_id": "r006-85eb8ba2-7db9-11ea-b07a-feff0b344b20",
                "volume_name": "food-rephrase-oblong-strength-lusty-crummiest"
              }
            ],
            "volumes": [],
            "vpc": "r006-60bf97b4-8a49-4b93-b5a7-1ecb1269e978",
            "zone": "us-south-1"
          },
          "private": "eyJlMmJmYjczMC1lY2FhLTExZTYtOGY4OC0zNDM2M2JjN2M0YzAiOnsiY3JlYXRlIjozNjAwMDAwMDAwMDAwLCJkZWxldGUiOjM2MDAwMDAwMDAwMDB9fQ==",
          "dependencies": [
            "module.frontend.ibm_is_security_group.frontend",
            "module.vpc.ibm_is_subnet.frontend_subnet",
            "module.vpc.ibm_is_vpc.vpc"
          ]
        }
      ]
    },
    {
      "module": "module.frontend",
      "mode": "managed",
      "type": "ibm_is_lb_pool",
      "name": "webapptier-lb-pool",
      "provider": "provider.ibm",
      "instances": [
        {
          "schema_version": 0,
          "attributes": {
            "algorithm": "round_robin",
            "health_delay": 5,
            "health_monitor_port": 0,
            "health_monitor_url": "/",
            "health_retries": 2,
            "health_timeout": 2,
            "health_type": "http",
            "id": "r006-2c0c0028-6f13-4a3b-abab-9173412781d2/r006-d53faa1e-0dc3-4b8e-9c7a-0de4b7fe2dfb",
            "lb": "r006-2c0c0028-6f13-4a3b-abab-9173412781d2",
            "name": "webapptier-lb-pool",
            "protocol": "http",
            "provisioning_status": "active",
            "session_persistence_cookie_name": null,
            "session_persistence_type": null,
            "timeouts": null
          },
          "private": "eyJlMmJmYjczMC1lY2FhLTExZTYtOGY4OC0zNDM2M2JjN2M0YzAiOnsiY3JlYXRlIjozNjAwMDAwMDAwMDAwLCJkZWxldGUiOjM2MDAwMDAwMDAwMDAsInVwZGF0ZSI6MzYwMDAwMDAwMDAwMH19",
          "dependencies": [
            "module.frontend.ibm_is_lb.webapptier-lb",
            "module.frontend.ibm_is_lb_listener.webapptier_lb_listener"
          ]
        }
      ]
    },
    {
      "module": "module.bastion",
      "mode": "managed",
      "type": "ibm_is_network_acl",
      "name": "bastion_acl",
      "provider": "provider.ibm",
      "instances": [
        {
          "schema_version": 0,
          "attributes": {
            "id": "r006-e3f9ed89-ce7b-4e68-8a3f-dcf1dff3bffb",
            "name": "bastion-acl",
            "resource_controller_url": "https://cloud.ibm.com/vpc-ext/network/acl",
            "resource_crn": "crn:v1:bluemix:public:is:us-south:a/a4a3f711f0e54a0dbe72dd51e7ea2f90::network-acl:r006-e3f9ed89-ce7b-4e68-8a3f-dcf1dff3bffb",
            "resource_group": "6a2926964a464380bf28ba3c7850270f",
            "resource_group_name": "Default",
            "resource_name": "bastion-acl",
            "rules": [
              {
                "action": "allow",
                "destination": "0.0.0.0/0",
                "direction": "inbound",
                "icmp": [],
                "id": "a6f24c7e-c610-45cb-a430-c25743168368",
                "ip_version": "ipv4",
                "name": "inbound-tcp-cqrtkbej",
                "source": "172.16.0.0/20",
                "subnets": 0,
                "tcp": [
                  {
                    "port_max": 65535,
                    "port_min": 1024,
                    "source_port_max": 22,
                    "source_port_min": 22
                  }
                ],
                "udp": []
              },
              {
                "action": "allow",
                "destination": "0.0.0.0/0",
                "direction": "inbound",
                "icmp": [],
                "id": "dcd75a73-21a6-4b54-b0f3-c7de9b798768",
                "ip_version": "ipv4",
                "name": "inbound-tcp-hmcjikda",
                "source": "172.17.0.0/20",
                "subnets": 0,
                "tcp": [
                  {
                    "port_max": 65535,
                    "port_min": 1024,
                    "source_port_max": 22,
                    "source_port_min": 22
                  }
                ],
                "udp": []
              },
              {
                "action": "allow",
                "destination": "172.16.0.0/20",
                "direction": "outbound",
                "icmp": [],
                "id": "272f0f7b-e155-4c93-9301-6ee1fdc2cd14",
                "ip_version": "ipv4",
                "name": "outbound-tcp-qjmdeatg",
                "source": "0.0.0.0/0",
                "subnets": 0,
                "tcp": [
                  {
                    "port_max": 22,
                    "port_min": 22,
                    "source_port_max": 65535,
                    "source_port_min": 1024
                  }
                ],
                "udp": []
              },
              {
                "action": "allow",
                "destination": "172.17.0.0/20",
                "direction": "outbound",
                "icmp": [],
                "id": "70c64d59-1d1a-4af5-938a-67740fe8eb92",
                "ip_version": "ipv4",
                "name": "outbound-tcp-hjhsnpzq",
                "source": "0.0.0.0/0",
                "subnets": 0,
                "tcp": [
                  {
                    "port_max": 22,
                    "port_min": 22,
                    "source_port_max": 65535,
                    "source_port_min": 1024
                  }
                ],
                "udp": []
              },
              {
                "action": "allow",
                "destination": "0.0.0.0/0",
                "direction": "inbound",
                "icmp": [],
                "id": "7d494cd3-4f19-48ca-9ea1-a5cb2e54ef8e",
                "ip_version": "ipv4",
                "name": "inbound-tcp-xlltxpum",
                "source": "0.0.0.0/0",
                "subnets": 0,
                "tcp": [
                  {
                    "port_max": 22,
                    "port_min": 22,
                    "source_port_max": 65535,
                    "source_port_min": 1024
                  }
                ],
                "udp": []
              },
              {
                "action": "allow",
                "destination": "0.0.0.0/0",
                "direction": "outbound",
                "icmp": [],
                "id": "b2874b63-d1b6-45af-8fa3-e770e2d1c62c",
                "ip_version": "ipv4",
                "name": "outbound-tcp-pmndqzob",
                "source": "0.0.0.0/0",
                "subnets": 0,
                "tcp": [
                  {
                    "port_max": 65535,
                    "port_min": 1024,
                    "source_port_max": 22,
                    "source_port_min": 22
                  }
                ],
                "udp": []
              },
              {
                "action": "allow",
                "destination": "0.0.0.0/0",
                "direction": "inbound",
                "icmp": [],
                "id": "6e68a282-6d02-48c5-9575-ae6a28cc4b98",
                "ip_version": "ipv4",
                "name": "inbound-tcp-tpxncabj",
                "source": "161.26.0.0/16",
                "subnets": 0,
                "tcp": [
                  {
                    "port_max": 65535,
                    "port_min": 1024,
                    "source_port_max": 80,
                    "source_port_min": 80
                  }
                ],
                "udp": []
              },
              {
                "action": "allow",
                "destination": "0.0.0.0/0",
                "direction": "inbound",
                "icmp": [],
                "id": "386c7a42-3ce4-4781-b4ad-455d089a1108",
                "ip_version": "ipv4",
                "name": "inbound-udp-flerllma",
                "source": "161.26.0.0/16",
                "subnets": 0,
                "tcp": [],
                "udp": [
                  {
                    "port_max": 65535,
                    "port_min": 1024,
                    "source_port_max": 53,
                    "source_port_min": 53
                  }
                ]
              },
              {
                "action": "allow",
                "destination": "161.26.0.0/16",
                "direction": "outbound",
                "icmp": [],
                "id": "c3abcfa1-8050-44f1-853d-3aef953d934c",
                "ip_version": "ipv4",
                "name": "outbound-tcp-nyakdnlf",
                "source": "0.0.0.0/0",
                "subnets": 0,
                "tcp": [
                  {
                    "port_max": 80,
                    "port_min": 80,
                    "source_port_max": 65535,
                    "source_port_min": 1024
                  }
                ],
                "udp": []
              },
              {
                "action": "allow",
                "destination": "161.26.0.0/16",
                "direction": "outbound",
                "icmp": [],
                "id": "44b4465e-8aba-43b0-a039-0d345f8ec2c3",
                "ip_version": "ipv4",
                "name": "outbound-udp-hgskjxhp",
                "source": "0.0.0.0/0",
                "subnets": 0,
                "tcp": [],
                "udp": [
                  {
                    "port_max": 53,
                    "port_min": 53,
                    "source_port_max": 65535,
                    "source_port_min": 1024
                  }
                ]
              },
              {
                "action": "deny",
                "destination": "0.0.0.0/0",
                "direction": "inbound",
                "icmp": [],
                "id": "43285e3a-367a-4e9c-b540-a23d2cf4debc",
                "ip_version": "ipv4",
                "name": "inbound-all-tigxhcuw",
                "source": "0.0.0.0/0",
                "subnets": 0,
                "tcp": [],
                "udp": []
              },
              {
                "action": "deny",
                "destination": "0.0.0.0/0",
                "direction": "outbound",
                "icmp": [],
                "id": "44f5bbe1-b7f5-4218-9452-342b61e49920",
                "ip_version": "ipv4",
                "name": "outbound-all-ixnmnfoq",
                "source": "0.0.0.0/0",
                "subnets": 0,
                "tcp": [],
                "udp": []
              }
            ],
            "vpc": "r006-60bf97b4-8a49-4b93-b5a7-1ecb1269e978"
          },
          "private": "bnVsbA==",
          "dependencies": [
            "module.bastion.random_string.uuid",
            "module.vpc.ibm_is_vpc.vpc"
          ]
        }
      ]
    },
    {
      "module": "module.vpc",
      "mode": "managed",
      "type": "ibm_is_public_gateway",
      "name": "repo_gateway",
      "each": "list",
      "provider": "provider.ibm",
      "instances": [
        {
          "index_key": 0,
          "schema_version": 0,
          "attributes": {
            "floating_ip": {
              "address": "52.116.140.1",
              "id": "r006-5da581fc-e361-43d7-a026-5b3355e9ddcf"
            },
            "id": "r006-c3359f58-a5a5-44c6-a0aa-3cf2408835c4",
            "name": "ssh-vpc-vpc-public-gtw-0",
            "resource_controller_url": "https://cloud.ibm.com/vpc-ext/network/publicGateways",
            "resource_crn": "crn:v1:bluemix:public:is:us-south-1:a/a4a3f711f0e54a0dbe72dd51e7ea2f90::public-gateway:r006-c3359f58-a5a5-44c6-a0aa-3cf2408835c4",
            "resource_group": "6a2926964a464380bf28ba3c7850270f",
            "resource_group_name": "Default",
            "resource_name": "ssh-vpc-vpc-public-gtw-0",
            "resource_status": "available",
            "status": "available",
            "tags": [],
            "timeouts": {
              "create": "90m",
              "delete": null
            },
            "vpc": "r006-60bf97b4-8a49-4b93-b5a7-1ecb1269e978",
            "zone": "us-south-1"
          },
          "private": "eyJlMmJmYjczMC1lY2FhLTExZTYtOGY4OC0zNDM2M2JjN2M0YzAiOnsiY3JlYXRlIjo1NDAwMDAwMDAwMDAwLCJkZWxldGUiOjM2MDAwMDAwMDAwMDB9fQ==",
          "dependencies": [
            "module.vpc.ibm_is_vpc.vpc"
          ]
        },
        {
          "index_key": 1,
          "schema_version": 0,
          "attributes": {
            "floating_ip": {
              "address": "169.47.92.151",
              "id": "r006-de6fe885-08dc-4b48-a8cc-983282d74711"
            },
            "id": "r006-e89345fa-0476-4e26-a812-6750423fd6e3",
            "name": "ssh-vpc-vpc-public-gtw-1",
            "resource_controller_url": "https://cloud.ibm.com/vpc-ext/network/publicGateways",
            "resource_crn": "crn:v1:bluemix:public:is:us-south-2:a/a4a3f711f0e54a0dbe72dd51e7ea2f90::public-gateway:r006-e89345fa-0476-4e26-a812-6750423fd6e3",
            "resource_group": "6a2926964a464380bf28ba3c7850270f",
            "resource_group_name": "Default",
            "resource_name": "ssh-vpc-vpc-public-gtw-1",
            "resource_status": "available",
            "status": "available",
            "tags": [],
            "timeouts": {
              "create": "90m",
              "delete": null
            },
            "vpc": "r006-60bf97b4-8a49-4b93-b5a7-1ecb1269e978",
            "zone": "us-south-2"
          },
          "private": "eyJlMmJmYjczMC1lY2FhLTExZTYtOGY4OC0zNDM2M2JjN2M0YzAiOnsiY3JlYXRlIjo1NDAwMDAwMDAwMDAwLCJkZWxldGUiOjM2MDAwMDAwMDAwMDB9fQ==",
          "dependencies": [
            "module.vpc.ibm_is_vpc.vpc"
          ]
        }
      ]
    },
    {
      "module": "module.bastion",
      "mode": "managed",
      "type": "ibm_is_security_group",
      "name": "bastion",
      "provider": "provider.ibm",
      "instances": [
        {
          "schema_version": 0,
          "attributes": {
            "id": "r006-b5b06cea-9fea-451c-a81e-c002ea73280d",
            "name": "ssh-vpc-vpc-bastion-sg",
            "resource_controller_url": "https://cloud.ibm.com/vpc-ext/network/securityGroups",
            "resource_crn": "crn:v1:bluemix:public:is:us-south:a/a4a3f711f0e54a0dbe72dd51e7ea2f90::security-group:r006-b5b06cea-9fea-451c-a81e-c002ea73280d",
            "resource_group": "6a2926964a464380bf28ba3c7850270f",
            "resource_group_name": "Default",
            "resource_name": "ssh-vpc-vpc-bastion-sg",
            "rules": [
              {
                "code": 0,
                "direction": "inbound",
                "ip_version": "ipv4",
                "port_max": 22,
                "port_min": 22,
                "protocol": "tcp",
                "remote": "",
                "type": 0
              },
              {
                "code": 0,
                "direction": "outbound",
                "ip_version": "ipv4",
                "port_max": 443,
                "port_min": 443,
                "protocol": "tcp",
                "remote": "",
                "type": 0
              },
              {
                "code": 0,
                "direction": "outbound",
                "ip_version": "ipv4",
                "port_max": 22,
                "port_min": 22,
                "protocol": "tcp",
                "remote": "",
                "type": 0
              },
              {
                "code": 0,
                "direction": "outbound",
                "ip_version": "ipv4",
                "port_max": 80,
                "port_min": 80,
                "protocol": "tcp",
                "remote": "",
                "type": 0
              },
              {
                "code": 0,
                "direction": "outbound",
                "ip_version": "ipv4",
                "port_max": 53,
                "port_min": 53,
                "protocol": "udp",
                "remote": "",
                "type": 0
              }
            ],
            "vpc": "r006-60bf97b4-8a49-4b93-b5a7-1ecb1269e978"
          },
          "private": "bnVsbA=="
        }
      ]
    },
    {
      "module": "module.frontend",
      "mode": "managed",
      "type": "ibm_is_security_group",
      "name": "frontend",
      "provider": "provider.ibm",
      "instances": [
        {
          "schema_version": 0,
          "attributes": {
            "id": "r006-dc1f86c4-05f5-45fc-a4d1-2ecafc660145",
            "name": "ssh-vpc-vpc-frontend-sg",
            "resource_controller_url": "https://cloud.ibm.com/vpc-ext/network/securityGroups",
            "resource_crn": "crn:v1:bluemix:public:is:us-south:a/a4a3f711f0e54a0dbe72dd51e7ea2f90::security-group:r006-dc1f86c4-05f5-45fc-a4d1-2ecafc660145",
            "resource_group": "6a2926964a464380bf28ba3c7850270f",
            "resource_group_name": "Default",
            "resource_name": "ssh-vpc-vpc-frontend-sg",
            "rules": [
              {
                "code": 0,
                "direction": "outbound",
                "ip_version": "ipv4",
                "port_max": 80,
                "port_min": 80,
                "protocol": "tcp",
                "remote": "",
                "type": 0
              },
              {
                "code": 0,
                "direction": "outbound",
                "ip_version": "ipv4",
                "port_max": 53,
                "port_min": 53,
                "protocol": "udp",
                "remote": "",
                "type": 0
              },
              {
                "code": 0,
                "direction": "inbound",
                "ip_version": "ipv4",
                "port_max": 22,
                "port_min": 22,
                "protocol": "tcp",
                "remote": "",
                "type": 0
              },
              {
                "code": 0,
                "direction": "outbound",
                "ip_version": "ipv4",
                "port_max": 443,
                "port_min": 443,
                "protocol": "tcp",
                "remote": "",
                "type": 0
              },
              {
                "code": 0,
                "direction": "outbound",
                "ip_version": "ipv4",
                "port_max": 80,
                "port_min": 80,
                "protocol": "tcp",
                "remote": "",
                "type": 0
              }
            ],
            "vpc": "r006-60bf97b4-8a49-4b93-b5a7-1ecb1269e978"
          },
          "private": "bnVsbA==",
          "dependencies": [
            "module.vpc.ibm_is_vpc.vpc"
          ]
        }
      ]
    },
    {
      "module": "module.bastion",
      "mode": "managed",
      "type": "ibm_is_security_group_rule",
      "name": "bastion_access",
      "each": "list",
      "provider": "provider.ibm",
      "instances": [
        {
          "index_key": 0,
          "schema_version": 0,
          "attributes": {
            "direction": "inbound",
            "group": "r006-b5b06cea-9fea-451c-a81e-c002ea73280d",
            "icmp": [],
            "id": "r006-b5b06cea-9fea-451c-a81e-c002ea73280d.r006-7313c046-fd9e-43cc-88a1-265934747a79",
            "ip_version": "ipv4",
            "remote": "0.0.0.0/0",
            "rule_id": "r006-7313c046-fd9e-43cc-88a1-265934747a79",
            "tcp": [
              {
                "port_max": 22,
                "port_min": 22
              }
            ],
            "udp": []
          },
          "private": "bnVsbA==",
          "dependencies": [
            "module.bastion.ibm_is_security_group.bastion",
            "module.frontend.ibm_is_security_group.frontend",
            "module.vpc.ibm_is_vpc.vpc"
          ]
        },
        {
          "index_key": 1,
          "schema_version": 0,
          "attributes": {
            "direction": "outbound",
            "group": "r006-b5b06cea-9fea-451c-a81e-c002ea73280d",
            "icmp": [],
            "id": "r006-b5b06cea-9fea-451c-a81e-c002ea73280d.r006-ae613248-2c24-4516-8899-283138acfedd",
            "ip_version": "ipv4",
            "remote": "r006-dc1f86c4-05f5-45fc-a4d1-2ecafc660145",
            "rule_id": "r006-ae613248-2c24-4516-8899-283138acfedd",
            "tcp": [
              {
                "port_max": 22,
                "port_min": 22
              }
            ],
            "udp": []
          },
          "private": "bnVsbA==",
          "dependencies": [
            "module.bastion.ibm_is_security_group.bastion",
            "module.frontend.ibm_is_security_group.frontend"
          ]
        },
        {
          "index_key": 2,
          "schema_version": 0,
          "attributes": {
            "direction": "outbound",
            "group": "r006-b5b06cea-9fea-451c-a81e-c002ea73280d",
            "icmp": [],
            "id": "r006-b5b06cea-9fea-451c-a81e-c002ea73280d.r006-3a5a0529-b449-4533-ac63-b3c8e739eb36",
            "ip_version": "ipv4",
            "remote": "161.26.0.0/16",
            "rule_id": "r006-3a5a0529-b449-4533-ac63-b3c8e739eb36",
            "tcp": [],
            "udp": [
              {
                "port_max": 53,
                "port_min": 53
              }
            ]
          },
          "private": "bnVsbA==",
          "dependencies": [
            "module.bastion.ibm_is_security_group.bastion",
            "module.frontend.ibm_is_security_group.frontend"
          ]
        },
        {
          "index_key": 3,
          "schema_version": 0,
          "attributes": {
            "direction": "outbound",
            "group": "r006-b5b06cea-9fea-451c-a81e-c002ea73280d",
            "icmp": [],
            "id": "r006-b5b06cea-9fea-451c-a81e-c002ea73280d.r006-d409d4e3-f44b-4632-94e7-c1371ce8f1a5",
            "ip_version": "ipv4",
            "remote": "161.26.0.0/16",
            "rule_id": "r006-d409d4e3-f44b-4632-94e7-c1371ce8f1a5",
            "tcp": [
              {
                "port_max": 80,
                "port_min": 80
              }
            ],
            "udp": []
          },
          "private": "bnVsbA==",
          "dependencies": [
            "module.bastion.ibm_is_security_group.bastion",
            "module.frontend.ibm_is_security_group.frontend"
          ]
        },
        {
          "index_key": 4,
          "schema_version": 0,
          "attributes": {
            "direction": "outbound",
            "group": "r006-b5b06cea-9fea-451c-a81e-c002ea73280d",
            "icmp": [],
            "id": "r006-b5b06cea-9fea-451c-a81e-c002ea73280d.r006-f0267839-55de-4e7e-8467-9db64e795a19",
            "ip_version": "ipv4",
            "remote": "161.26.0.0/16",
            "rule_id": "r006-f0267839-55de-4e7e-8467-9db64e795a19",
            "tcp": [
              {
                "port_max": 443,
                "port_min": 443
              }
            ],
            "udp": []
          },
          "private": "bnVsbA==",
          "dependencies": [
            "module.bastion.ibm_is_security_group.bastion",
            "module.frontend.ibm_is_security_group.frontend"
          ]
        }
      ]
    },
    {
      "module": "module.frontend",
      "mode": "managed",
      "type": "ibm_is_security_group_rule",
      "name": "dns",
      "provider": "provider.ibm",
      "instances": [
        {
          "schema_version": 0,
          "attributes": {
            "direction": "outbound",
            "group": "r006-dc1f86c4-05f5-45fc-a4d1-2ecafc660145",
            "icmp": [],
            "id": "r006-dc1f86c4-05f5-45fc-a4d1-2ecafc660145.r006-75895f87-dfcd-4f24-b853-721f34894dd8",
            "ip_version": "ipv4",
            "remote": "161.26.0.0/8",
            "rule_id": "r006-75895f87-dfcd-4f24-b853-721f34894dd8",
            "tcp": [],
            "udp": [
              {
                "port_max": 53,
                "port_min": 53
              }
            ]
          },
          "private": "bnVsbA==",
          "dependencies": [
            "module.frontend.ibm_is_security_group.frontend",
            "module.vpc.ibm_is_vpc.vpc"
          ]
        }
      ]
    },
    {
      "module": "module.frontend",
      "mode": "managed",
      "type": "ibm_is_security_group_rule",
      "name": "frontend_ingress_ssh_bastion",
      "provider": "provider.ibm",
      "instances": [
        {
          "schema_version": 0,
          "attributes": {
            "direction": "inbound",
            "group": "r006-dc1f86c4-05f5-45fc-a4d1-2ecafc660145",
            "icmp": [],
            "id": "r006-dc1f86c4-05f5-45fc-a4d1-2ecafc660145.r006-76f666cf-7165-43e6-a35e-9a84132e12a9",
            "ip_version": "ipv4",
            "remote": "r006-b5b06cea-9fea-451c-a81e-c002ea73280d",
            "rule_id": "r006-76f666cf-7165-43e6-a35e-9a84132e12a9",
            "tcp": [
              {
                "port_max": 22,
                "port_min": 22
              }
            ],
            "udp": []
          },
          "private": "bnVsbA==",
          "dependencies": [
            "module.bastion.ibm_is_security_group.bastion",
            "module.frontend.ibm_is_security_group.frontend",
            "module.vpc.ibm_is_vpc.vpc"
          ]
        }
      ]
    },
    {
      "module": "module.frontend",
      "mode": "managed",
      "type": "ibm_is_security_group_rule",
      "name": "int_repo_http",
      "provider": "provider.ibm",
      "instances": [
        {
          "schema_version": 0,
          "attributes": {
            "direction": "outbound",
            "group": "r006-dc1f86c4-05f5-45fc-a4d1-2ecafc660145",
            "icmp": [],
            "id": "r006-dc1f86c4-05f5-45fc-a4d1-2ecafc660145.r006-e5f9d51a-a0d6-4a03-a97f-b993efd7b564",
            "ip_version": "ipv4",
            "remote": "161.26.0.0/24",
            "rule_id": "r006-e5f9d51a-a0d6-4a03-a97f-b993efd7b564",
            "tcp": [
              {
                "port_max": 80,
                "port_min": 80
              }
            ],
            "udp": []
          },
          "private": "bnVsbA==",
          "dependencies": [
            "module.frontend.ibm_is_security_group.frontend",
            "module.vpc.ibm_is_vpc.vpc"
          ]
        }
      ]
    },
    {
      "module": "module.frontend",
      "mode": "managed",
      "type": "ibm_is_security_group_rule",
      "name": "int_repo_https",
      "provider": "provider.ibm",
      "instances": [
        {
          "schema_version": 0,
          "attributes": {
            "direction": "outbound",
            "group": "r006-dc1f86c4-05f5-45fc-a4d1-2ecafc660145",
            "icmp": [],
            "id": "r006-dc1f86c4-05f5-45fc-a4d1-2ecafc660145.r006-350978f5-7792-484c-ac79-b53b17ceebae",
            "ip_version": "ipv4",
            "remote": "161.26.0.0/24",
            "rule_id": "r006-350978f5-7792-484c-ac79-b53b17ceebae",
            "tcp": [
              {
                "port_max": 443,
                "port_min": 443
              }
            ],
            "udp": []
          },
          "private": "bnVsbA==",
          "dependencies": [
            "module.frontend.ibm_is_security_group.frontend",
            "module.vpc.ibm_is_vpc.vpc"
          ]
        }
      ]
    },
    {
      "module": "module.frontend",
      "mode": "managed",
      "type": "ibm_is_security_group_rule",
      "name": "pub_repo_egress_http",
      "provider": "provider.ibm",
      "instances": [
        {
          "schema_version": 0,
          "attributes": {
            "direction": "outbound",
            "group": "r006-dc1f86c4-05f5-45fc-a4d1-2ecafc660145",
            "icmp": [],
            "id": "r006-dc1f86c4-05f5-45fc-a4d1-2ecafc660145.r006-af70cf34-d0cf-4bc8-91e9-4dc04014ff1a",
            "ip_version": "ipv4",
            "remote": "0.0.0.0/0",
            "rule_id": "r006-af70cf34-d0cf-4bc8-91e9-4dc04014ff1a",
            "tcp": [
              {
                "port_max": 80,
                "port_min": 80
              }
            ],
            "udp": []
          },
          "private": "bnVsbA==",
          "dependencies": [
            "module.frontend.ibm_is_security_group.frontend",
            "module.vpc.ibm_is_vpc.vpc"
          ]
        }
      ]
    },
    {
      "module": "module.bastion",
      "mode": "managed",
      "type": "ibm_is_subnet",
      "name": "bastion_subnet",
      "each": "list",
      "provider": "provider.ibm",
      "instances": [
        {
          "index_key": 0,
          "schema_version": 0,
          "attributes": {
            "available_ipv4_address_count": null,
            "id": "0717-efc5ee48-74ce-4ebe-814a-e131782ab6ef",
            "ip_version": "ipv4",
            "ipv4_cidr_block": "172.22.192.0/24",
            "ipv6_cidr_block": "",
            "name": "ssh-vpc-vpc-bast-subnet-1",
            "network_acl": "r006-e3f9ed89-ce7b-4e68-8a3f-dcf1dff3bffb",
            "public_gateway": "",
            "resource_controller_url": "https://cloud.ibm.com/vpc-ext/network/subnets",
            "resource_crn": "crn:v1:bluemix:public:is:us-south-1:a/a4a3f711f0e54a0dbe72dd51e7ea2f90::subnet:0717-efc5ee48-74ce-4ebe-814a-e131782ab6ef",
            "resource_group": "6a2926964a464380bf28ba3c7850270f",
            "resource_group_name": "Default",
            "resource_name": "ssh-vpc-vpc-bast-subnet-1",
            "resource_status": "available",
            "status": "available",
            "timeouts": null,
            "total_ipv4_address_count": 256,
            "vpc": "r006-60bf97b4-8a49-4b93-b5a7-1ecb1269e978",
            "zone": "us-south-1"
          },
          "private": "eyJlMmJmYjczMC1lY2FhLTExZTYtOGY4OC0zNDM2M2JjN2M0YzAiOnsiY3JlYXRlIjo2MDAwMDAwMDAwMDAsImRlbGV0ZSI6NjAwMDAwMDAwMDAwLCJ1cGRhdGUiOjYwMDAwMDAwMDAwMH19",
          "dependencies": [
            "module.bastion.ibm_is_network_acl.bastion_acl",
            "module.bastion.ibm_is_vpc_address_prefix.bast_subnet_prefix"
          ]
        }
      ]
    },
    {
      "module": "module.vpc",
      "mode": "managed",
      "type": "ibm_is_subnet",
      "name": "frontend_subnet",
      "each": "list",
      "provider": "provider.ibm",
      "instances": [
        {
          "index_key": 0,
          "schema_version": 0,
          "attributes": {
            "available_ipv4_address_count": null,
            "id": "0717-d60a8ddd-b3ec-4929-809d-8bc9b0ba67db",
            "ip_version": "ipv4",
            "ipv4_cidr_block": "172.16.0.0/24",
            "ipv6_cidr_block": "",
            "name": "ssh-vpc-vpc-frontend-subnet-1",
            "network_acl": "r006-eb974d8a-aca0-47fd-b8f4-ea1a85e2a3ac",
            "public_gateway": "r006-c3359f58-a5a5-44c6-a0aa-3cf2408835c4",
            "resource_controller_url": "https://cloud.ibm.com/vpc-ext/network/subnets",
            "resource_crn": "crn:v1:bluemix:public:is:us-south-1:a/a4a3f711f0e54a0dbe72dd51e7ea2f90::subnet:0717-d60a8ddd-b3ec-4929-809d-8bc9b0ba67db",
            "resource_group": "6a2926964a464380bf28ba3c7850270f",
            "resource_group_name": "Default",
            "resource_name": "ssh-vpc-vpc-frontend-subnet-1",
            "resource_status": "available",
            "status": "available",
            "timeouts": null,
            "total_ipv4_address_count": 256,
            "vpc": "r006-60bf97b4-8a49-4b93-b5a7-1ecb1269e978",
            "zone": "us-south-1"
          },
          "private": "eyJlMmJmYjczMC1lY2FhLTExZTYtOGY4OC0zNDM2M2JjN2M0YzAiOnsiY3JlYXRlIjo2MDAwMDAwMDAwMDAsImRlbGV0ZSI6NjAwMDAwMDAwMDAwLCJ1cGRhdGUiOjYwMDAwMDAwMDAwMH19",
          "dependencies": [
            "module.vpc.ibm_is_public_gateway.repo_gateway",
            "module.vpc.ibm_is_vpc.vpc",
            "module.vpc.ibm_is_vpc_address_prefix.frontend_subnet_prefix"
          ]
        }
      ]
    },
    {
      "module": "module.vpc",
      "mode": "managed",
      "type": "ibm_is_vpc",
      "name": "vpc",
      "provider": "provider.ibm",
      "instances": [
        {
          "schema_version": 0,
          "attributes": {
            "address_prefix_management": "auto",
            "classic_access": false,
            "crn": "crn:v1:bluemix:public:is:us-south:a/a4a3f711f0e54a0dbe72dd51e7ea2f90::vpc:r006-60bf97b4-8a49-4b93-b5a7-1ecb1269e978",
            "cse_source_addresses": [
              {
                "address": "10.249.194.140",
                "zone_name": "us-south-1"
              },
              {
                "address": "10.249.204.177",
                "zone_name": "us-south-2"
              },
              {
                "address": "10.249.214.210",
                "zone_name": "us-south-3"
              }
            ],
            "default_network_acl": "r006-eb974d8a-aca0-47fd-b8f4-ea1a85e2a3ac",
            "default_security_group": "r006-6619260a-be5a-4534-b73b-82dfc1a277ee",
            "id": "r006-60bf97b4-8a49-4b93-b5a7-1ecb1269e978",
            "is_default": null,
            "name": "ssh-vpc-vpc",
            "resource_controller_url": "https://cloud.ibm.com/vpc-ext/network/vpcs",
            "resource_crn": "crn:v1:bluemix:public:is:us-south:a/a4a3f711f0e54a0dbe72dd51e7ea2f90::vpc:r006-60bf97b4-8a49-4b93-b5a7-1ecb1269e978",
            "resource_group": "6a2926964a464380bf28ba3c7850270f",
            "resource_group_name": "Default",
            "resource_name": "ssh-vpc-vpc",
            "resource_status": "available",
            "status": "available",
            "subnets": [
              {
                "available_ipv4_address_count": 248,
                "id": "0717-d60a8ddd-b3ec-4929-809d-8bc9b0ba67db",
                "name": "ssh-vpc-vpc-frontend-subnet-1",
                "status": "available",
                "total_ipv4_address_count": 256
              },
              {
                "available_ipv4_address_count": 250,
                "id": "0717-efc5ee48-74ce-4ebe-814a-e131782ab6ef",
                "name": "ssh-vpc-vpc-bast-subnet-1",
                "status": "available",
                "total_ipv4_address_count": 256
              }
            ],
            "tags": [],
            "timeouts": null
          },
          "private": "eyJlMmJmYjczMC1lY2FhLTExZTYtOGY4OC0zNDM2M2JjN2M0YzAiOnsiY3JlYXRlIjozNjAwMDAwMDAwMDAwLCJkZWxldGUiOjM2MDAwMDAwMDAwMDB9fQ=="
        }
      ]
    },
    {
      "module": "module.bastion",
      "mode": "managed",
      "type": "ibm_is_vpc_address_prefix",
      "name": "bast_subnet_prefix",
      "each": "list",
      "provider": "provider.ibm",
      "instances": [
        {
          "index_key": 0,
          "schema_version": 0,
          "attributes": {
            "cidr": "172.22.192.0/24",
            "has_subnets": true,
            "id": "r006-60bf97b4-8a49-4b93-b5a7-1ecb1269e978/r006-c5969b6b-461a-43d1-841a-54f4092ecfc4",
            "name": "ssh-vpc-vpc-bast-prefix-zone-1",
            "vpc": "r006-60bf97b4-8a49-4b93-b5a7-1ecb1269e978",
            "zone": "us-south-1"
          },
          "private": "bnVsbA=="
        }
      ]
    },
    {
      "module": "module.vpc",
      "mode": "managed",
      "type": "ibm_is_vpc_address_prefix",
      "name": "frontend_subnet_prefix",
      "each": "list",
      "provider": "provider.ibm",
      "instances": [
        {
          "index_key": 0,
          "schema_version": 0,
          "attributes": {
            "cidr": "172.16.0.0/24",
            "has_subnets": true,
            "id": "r006-60bf97b4-8a49-4b93-b5a7-1ecb1269e978/r006-407a1c73-42ae-4352-86d8-13a5f3ad6c2a",
            "name": "ssh-vpc-vpc-frontend-prefix-zone-1",
            "vpc": "r006-60bf97b4-8a49-4b93-b5a7-1ecb1269e978",
            "zone": "us-south-1"
          },
          "private": "bnVsbA==",
          "dependencies": [
            "module.vpc.ibm_is_vpc.vpc"
          ]
        },
        {
          "index_key": 1,
          "schema_version": 0,
          "attributes": {
            "cidr": "172.16.2.0/24",
            "has_subnets": false,
            "id": "r006-60bf97b4-8a49-4b93-b5a7-1ecb1269e978/r006-ce836fca-88dd-48e7-aede-d7bf7370a9de",
            "name": "ssh-vpc-vpc-frontend-prefix-zone-2",
            "vpc": "r006-60bf97b4-8a49-4b93-b5a7-1ecb1269e978",
            "zone": "us-south-2"
          },
          "private": "bnVsbA==",
          "dependencies": [
            "module.vpc.ibm_is_vpc.vpc"
          ]
        }
      ]
    },
    {
      "module": "module.bastion",
      "mode": "managed",
      "type": "random_string",
      "name": "uuid",
      "each": "list",
      "provider": "provider.random",
      "instances": [
        {
          "index_key": 0,
          "schema_version": 1,
          "attributes": {
            "id": "cqrtkbej",
            "keepers": null,
            "length": 8,
            "lower": true,
            "min_lower": 0,
            "min_numeric": 0,
            "min_special": 0,
            "min_upper": 0,
            "number": false,
            "override_special": null,
            "result": "cqrtkbej",
            "special": false,
            "upper": false
          },
          "private": "eyJzY2hlbWFfdmVyc2lvbiI6IjEifQ=="
        },
        {
          "index_key": 1,
          "schema_version": 1,
          "attributes": {
            "id": "hmcjikda",
            "keepers": null,
            "length": 8,
            "lower": true,
            "min_lower": 0,
            "min_numeric": 0,
            "min_special": 0,
            "min_upper": 0,
            "number": false,
            "override_special": null,
            "result": "hmcjikda",
            "special": false,
            "upper": false
          },
          "private": "eyJzY2hlbWFfdmVyc2lvbiI6IjEifQ=="
        },
        {
          "index_key": 2,
          "schema_version": 1,
          "attributes": {
            "id": "qjmdeatg",
            "keepers": null,
            "length": 8,
            "lower": true,
            "min_lower": 0,
            "min_numeric": 0,
            "min_special": 0,
            "min_upper": 0,
            "number": false,
            "override_special": null,
            "result": "qjmdeatg",
            "special": false,
            "upper": false
          },
          "private": "eyJzY2hlbWFfdmVyc2lvbiI6IjEifQ=="
        },
        {
          "index_key": 3,
          "schema_version": 1,
          "attributes": {
            "id": "hjhsnpzq",
            "keepers": null,
            "length": 8,
            "lower": true,
            "min_lower": 0,
            "min_numeric": 0,
            "min_special": 0,
            "min_upper": 0,
            "number": false,
            "override_special": null,
            "result": "hjhsnpzq",
            "special": false,
            "upper": false
          },
          "private": "eyJzY2hlbWFfdmVyc2lvbiI6IjEifQ=="
        },
        {
          "index_key": 4,
          "schema_version": 1,
          "attributes": {
            "id": "xlltxpum",
            "keepers": null,
            "length": 8,
            "lower": true,
            "min_lower": 0,
            "min_numeric": 0,
            "min_special": 0,
            "min_upper": 0,
            "number": false,
            "override_special": null,
            "result": "xlltxpum",
            "special": false,
            "upper": false
          },
          "private": "eyJzY2hlbWFfdmVyc2lvbiI6IjEifQ=="
        },
        {
          "index_key": 5,
          "schema_version": 1,
          "attributes": {
            "id": "pmndqzob",
            "keepers": null,
            "length": 8,
            "lower": true,
            "min_lower": 0,
            "min_numeric": 0,
            "min_special": 0,
            "min_upper": 0,
            "number": false,
            "override_special": null,
            "result": "pmndqzob",
            "special": false,
            "upper": false
          },
          "private": "eyJzY2hlbWFfdmVyc2lvbiI6IjEifQ=="
        },
        {
          "index_key": 6,
          "schema_version": 1,
          "attributes": {
            "id": "tpxncabj",
            "keepers": null,
            "length": 8,
            "lower": true,
            "min_lower": 0,
            "min_numeric": 0,
            "min_special": 0,
            "min_upper": 0,
            "number": false,
            "override_special": null,
            "result": "tpxncabj",
            "special": false,
            "upper": false
          },
          "private": "eyJzY2hlbWFfdmVyc2lvbiI6IjEifQ=="
        },
        {
          "index_key": 7,
          "schema_version": 1,
          "attributes": {
            "id": "flerllma",
            "keepers": null,
            "length": 8,
            "lower": true,
            "min_lower": 0,
            "min_numeric": 0,
            "min_special": 0,
            "min_upper": 0,
            "number": false,
            "override_special": null,
            "result": "flerllma",
            "special": false,
            "upper": false
          },
          "private": "eyJzY2hlbWFfdmVyc2lvbiI6IjEifQ=="
        },
        {
          "index_key": 8,
          "schema_version": 1,
          "attributes": {
            "id": "nyakdnlf",
            "keepers": null,
            "length": 8,
            "lower": true,
            "min_lower": 0,
            "min_numeric": 0,
            "min_special": 0,
            "min_upper": 0,
            "number": false,
            "override_special": null,
            "result": "nyakdnlf",
            "special": false,
            "upper": false
          },
          "private": "eyJzY2hlbWFfdmVyc2lvbiI6IjEifQ=="
        },
        {
          "index_key": 9,
          "schema_version": 1,
          "attributes": {
            "id": "hgskjxhp",
            "keepers": null,
            "length": 8,
            "lower": true,
            "min_lower": 0,
            "min_numeric": 0,
            "min_special": 0,
            "min_upper": 0,
            "number": false,
            "override_special": null,
            "result": "hgskjxhp",
            "special": false,
            "upper": false
          },
          "private": "eyJzY2hlbWFfdmVyc2lvbiI6IjEifQ=="
        },
        {
          "index_key": 10,
          "schema_version": 1,
          "attributes": {
            "id": "tigxhcuw",
            "keepers": null,
            "length": 8,
            "lower": true,
            "min_lower": 0,
            "min_numeric": 0,
            "min_special": 0,
            "min_upper": 0,
            "number": false,
            "override_special": null,
            "result": "tigxhcuw",
            "special": false,
            "upper": false
          },
          "private": "eyJzY2hlbWFfdmVyc2lvbiI6IjEifQ=="
        },
        {
          "index_key": 11,
          "schema_version": 1,
          "attributes": {
            "id": "ixnmnfoq",
            "keepers": null,
            "length": 8,
            "lower": true,
            "min_lower": 0,
            "min_numeric": 0,
            "min_special": 0,
            "min_upper": 0,
            "number": false,
            "override_special": null,
            "result": "ixnmnfoq",
            "special": false,
            "upper": false
          },
          "private": "eyJzY2hlbWFfdmVyc2lvbiI6IjEifQ=="
        }
      ]
    }
  ]
}
